
Microsoft Visual Studio Solution File, Format Version 12.00
# Visual Studio Version 16
VisualStudioVersion = 16.0.31702.278
MinimumVisualStudioVersion = 10.0.40219.1
Project("{FAE04EC0-301F-11D3-BF4B-00C04F79EFBC}") = "Lab11App1", "Lab11App1\Lab11App1.csproj", "{3112EE3A-9603-411C-A169-6F5A8F4C2ECE}"
EndProject
Global
	GlobalSection(SolutionConfigurationPlatforms) = preSolution
		Debug|Any CPU = Debug|Any CPU
		Release|Any CPU = Release|Any CPU
	EndGlobalSection
	GlobalSection(ProjectConfigurationPlatforms) = postSolution
		{3112EE3A-9603-411C-A169-6F5A8F4C2ECE}.Debug|Any CPU.ActiveCfg = Debug|Any CPU
		{3112EE3A-9603-411C-A169-6F5A8F4C2ECE}.Debug|Any CPU.Build.0 = Debug|Any CPU
		{3112EE3A-9603-411C-A169-6F5A8F4C2ECE}.Release|Any CPU.ActiveCfg = Release|Any CPU
		{3112EE3A-9603-411C-A169-6F5A8F4C2ECE}.Release|Any CPU.Build.0 = Release|Any CPU
	EndGlobalSection
	GlobalSection(SolutionProperties) = preSolution
		HideSolutionNode = FALSE
	EndGlobalSection
	GlobalSection(ExtensibilityGlobals) = postSolution
		SolutionGuid = {DD2CB61E-6AFA-4E99-B09A-F438FD98D5F7}
	EndGlobalSection
EndGlobal
